
Microsoft Visual Studio Solution File, Format Version 12.00
# Visual Studio 14
VisualStudioVersion = 14.0.24720.0
MinimumVisualStudioVersion = 10.0.40219.1
Project("{FAE04EC0-301F-11D3-BF4B-00C04F79EFBC}") = "TextEditor", "TextEditor\TextEditor.csproj", "{0AC199E4-16F4-4987-9535-A7614E867B53}"
EndProject
Project("{FAE04EC0-301F-11D3-BF4B-00C04F79EFBC}") = "Portable.Parser", "..\..\..\..\projects\Parser\Portable.Parser\Portable.Parser.csproj", "{37BE400A-85E5-4078-B180-ECF3CBE833BB}"
EndProject
Global
	GlobalSection(SolutionConfigurationPlatforms) = preSolution
		Debug|Any CPU = Debug|Any CPU
		Release|Any CPU = Release|Any CPU
	EndGlobalSection
	GlobalSection(ProjectConfigurationPlatforms) = postSolution
		{0AC199E4-16F4-4987-9535-A7614E867B53}.Debug|Any CPU.ActiveCfg = Debug|Any CPU
		{0AC199E4-16F4-4987-9535-A7614E867B53}.Debug|Any CPU.Build.0 = Debug|Any CPU
		{0AC199E4-16F4-4987-9535-A7614E867B53}.Release|Any CPU.ActiveCfg = Release|Any CPU
		{0AC199E4-16F4-4987-9535-A7614E867B53}.Release|Any CPU.Build.0 = Release|Any CPU
		{37BE400A-85E5-4078-B180-ECF3CBE833BB}.Debug|Any CPU.ActiveCfg = Debug|Any CPU
		{37BE400A-85E5-4078-B180-ECF3CBE833BB}.Debug|Any CPU.Build.0 = Debug|Any CPU
		{37BE400A-85E5-4078-B180-ECF3CBE833BB}.Release|Any CPU.ActiveCfg = Release|Any CPU
		{37BE400A-85E5-4078-B180-ECF3CBE833BB}.Release|Any CPU.Build.0 = Release|Any CPU
	EndGlobalSection
	GlobalSection(SolutionProperties) = preSolution
		HideSolutionNode = FALSE
	EndGlobalSection
EndGlobal
